
Microsoft Visual Studio Solution File, Format Version 12.00
# Visual Studio Version 17
VisualStudioVersion = 17.8.34408.163
MinimumVisualStudioVersion = 10.0.40219.1
Project("{9A19103F-16F7-4668-BE54-9A1E7A4F7556}") = "GitHubWorkflowProject", "GitHubWorkflowProject\GitHubWorkflowProject.csproj", "{961845C3-C9F9-47C3-AFF8-10CFED7077B1}"
EndProject
Project("{FAE04EC0-301F-11D3-BF4B-00C04F79EFBC}") = "UnitTestProject1", "UnitTestProject1\UnitTestProject1.csproj", "{FF36CBAD-38BB-4011-9607-DDC2EE993E4C}"
EndProject
Global
	GlobalSection(SolutionConfigurationPlatforms) = preSolution
		Debug|Any CPU = Debug|Any CPU
		Release|Any CPU = Release|Any CPU
	EndGlobalSection
	GlobalSection(ProjectConfigurationPlatforms) = postSolution
		{961845C3-C9F9-47C3-AFF8-10CFED7077B1}.Debug|Any CPU.ActiveCfg = Debug|Any CPU
		{961845C3-C9F9-47C3-AFF8-10CFED7077B1}.Debug|Any CPU.Build.0 = Debug|Any CPU
		{961845C3-C9F9-47C3-AFF8-10CFED7077B1}.Release|Any CPU.ActiveCfg = Release|Any CPU
		{961845C3-C9F9-47C3-AFF8-10CFED7077B1}.Release|Any CPU.Build.0 = Release|Any CPU
		{FF36CBAD-38BB-4011-9607-DDC2EE993E4C}.Debug|Any CPU.ActiveCfg = Debug|Any CPU
		{FF36CBAD-38BB-4011-9607-DDC2EE993E4C}.Debug|Any CPU.Build.0 = Debug|Any CPU
		{FF36CBAD-38BB-4011-9607-DDC2EE993E4C}.Release|Any CPU.ActiveCfg = Release|Any CPU
		{FF36CBAD-38BB-4011-9607-DDC2EE993E4C}.Release|Any CPU.Build.0 = Release|Any CPU
	EndGlobalSection
	GlobalSection(SolutionProperties) = preSolution
		HideSolutionNode = FALSE
	EndGlobalSection
	GlobalSection(ExtensibilityGlobals) = postSolution
		SolutionGuid = {29119383-1826-47F1-92DB-FC3E3A3FF11A}
	EndGlobalSection
EndGlobal
